
Microsoft Visual Studio Solution File, Format Version 12.00
# Visual Studio Version 17
VisualStudioVersion = 17.4.33103.184
MinimumVisualStudioVersion = 10.0.40219.1
Project("{FAE04EC0-301F-11D3-BF4B-00C04F79EFBC}") = "DoyDoyWebApp", "DoyDoyWebApp\DoyDoyWebApp.csproj", "{BD4DEDD3-1A26-4656-9B29-8567351ACEA4}"
EndProject
Global
	GlobalSection(SolutionConfigurationPlatforms) = preSolution
		Debug|Any CPU = Debug|Any CPU
		Release|Any CPU = Release|Any CPU
	EndGlobalSection
	GlobalSection(ProjectConfigurationPlatforms) = postSolution
		{BD4DEDD3-1A26-4656-9B29-8567351ACEA4}.Debug|Any CPU.ActiveCfg = Debug|Any CPU
		{BD4DEDD3-1A26-4656-9B29-8567351ACEA4}.Debug|Any CPU.Build.0 = Debug|Any CPU
		{BD4DEDD3-1A26-4656-9B29-8567351ACEA4}.Release|Any CPU.ActiveCfg = Release|Any CPU
		{BD4DEDD3-1A26-4656-9B29-8567351ACEA4}.Release|Any CPU.Build.0 = Release|Any CPU
	EndGlobalSection
	GlobalSection(SolutionProperties) = preSolution
		HideSolutionNode = FALSE
	EndGlobalSection
	GlobalSection(ExtensibilityGlobals) = postSolution
		SolutionGuid = {26C4CD19-2E9A-422B-8FFC-5E9DF55E7E70}
	EndGlobalSection
EndGlobal
